{
  "name": "COP2510-PythonCode",
  "lockfileVersion": 3,
  "requires": true,
  "packages": {
    "": {
      "dependencies": {
        "tkinter": "^0.0.2-security"
      }
    },
    "node_modules/tkinter": {
      "version": "0.0.2-security",
      "resolved": "https://registry.npmjs.org/tkinter/-/tkinter-0.0.2-security.tgz",
      "integrity": "sha512-UkXsGCGdbiWduImQ2pmtU6QnHmICrD1nrEyI+Nfg85l+psxenZKGzjNs43uvNerz2qJBmIHgBmxFnHWFzXk2uw=="
    }
  }
}
